
Microsoft Visual Studio Solution File, Format Version 12.00
# Visual Studio Version 16
VisualStudioVersion = 16.0.31105.61
MinimumVisualStudioVersion = 10.0.40219.1
Project("{FAE04EC0-301F-11D3-BF4B-00C04F79EFBC}") = "FunctionApp50", "FunctionApp50.csproj", "{76D6A9E6-062E-4B57-80BF-F6157EC6DAAE}"
EndProject
Global
	GlobalSection(SolutionConfigurationPlatforms) = preSolution
		Debug|Any CPU = Debug|Any CPU
		Release|Any CPU = Release|Any CPU
	EndGlobalSection
	GlobalSection(ProjectConfigurationPlatforms) = postSolution
		{76D6A9E6-062E-4B57-80BF-F6157EC6DAAE}.Debug|Any CPU.ActiveCfg = Debug|Any CPU
		{76D6A9E6-062E-4B57-80BF-F6157EC6DAAE}.Debug|Any CPU.Build.0 = Debug|Any CPU
		{76D6A9E6-062E-4B57-80BF-F6157EC6DAAE}.Release|Any CPU.ActiveCfg = Release|Any CPU
		{76D6A9E6-062E-4B57-80BF-F6157EC6DAAE}.Release|Any CPU.Build.0 = Release|Any CPU
	EndGlobalSection
	GlobalSection(SolutionProperties) = preSolution
		HideSolutionNode = FALSE
	EndGlobalSection
	GlobalSection(ExtensibilityGlobals) = postSolution
		SolutionGuid = {7D16A26A-A775-4625-84EA-C33679CC464F}
	EndGlobalSection
EndGlobal
